
Microsoft Visual Studio Solution File, Format Version 12.00
# Visual Studio Version 16
VisualStudioVersion = 16.0.31515.178
MinimumVisualStudioVersion = 10.0.40219.1
Project("{888888A0-9F3D-457C-B088-3A5042F75D52}") = "GussingGame", "GussingGame.pyproj", "{C575430A-E46A-45E2-ACA6-4F46350815C8}"
EndProject
Global
	GlobalSection(SolutionConfigurationPlatforms) = preSolution
		Debug|Any CPU = Debug|Any CPU
		Release|Any CPU = Release|Any CPU
	EndGlobalSection
	GlobalSection(ProjectConfigurationPlatforms) = postSolution
		{C575430A-E46A-45E2-ACA6-4F46350815C8}.Debug|Any CPU.ActiveCfg = Debug|Any CPU
		{C575430A-E46A-45E2-ACA6-4F46350815C8}.Release|Any CPU.ActiveCfg = Release|Any CPU
	EndGlobalSection
	GlobalSection(SolutionProperties) = preSolution
		HideSolutionNode = FALSE
	EndGlobalSection
	GlobalSection(ExtensibilityGlobals) = postSolution
		SolutionGuid = {41449C04-2232-4410-8AE5-831379A121AC}
	EndGlobalSection
EndGlobal
